github.com/BrownNPC/Raylib-Go-Wasm/raylib v0.0.0-20260620162612-9ae8b5bb90ca h1:RNG23IKiktXaqy5nwqGWAbTVALNMFxfqCT3LAysJnZU=
github.com/BrownNPC/Raylib-Go-Wasm/raylib v0.0.0-20260620162612-9ae8b5bb90ca/go.mod h1:FRSn08Cms7Yn9WyXk/85LzXoHziJOZZpVevfQBDpVFk=
github.com/BrownNPC/Raylib-Go-Wasm/raylib v0.0.0-20260813175119-abd0f529636b h1:zmN5QXcdywVM2ACoFW9Y3nAUOU7Lbii3zpKTTvumlo0=
github.com/BrownNPC/Raylib-Go-Wasm/raylib v0.0.0-20260813175119-abd0f529636b/go.mod h1:FRSn08Cms7Yn9WyXk/85LzXoHziJOZZpVevfQBDpVFk=
github.com/BrownNPC/Raylib-Go-Wasm/wasm-runtime v0.0.0-20260620162612-9ae8b5bb90ca h1:WXs3Jsamwn6q05B3QPvZ3efeuMhS7kbVxpqkBJjzrQk=
github.com/BrownNPC/Raylib-Go-Wasm/wasm-runtime v0.0.0-20260620162612-9ae8b5bb90ca/go.mod h1:QsnK1qtIkvF266TxA0tLoodc1tRYqMweTl0CUZanRCg=
github.com/BrownNPC/Raylib-Go-Wasm/wasm-runtime v0.0.0-20260813175119-abd0f529636b h1:mLb5jRmIuMUdSMaJoWm0puzrdCxNL5ogE7iVwMS0+bM=
github.com/BrownNPC/Raylib-Go-Wasm/wasm-runtime v0.0.0-20260813175119-abd0f529636b/go.mod h1:QsnK1qtIkvF266TxA0tLoodc1tRYqMweTl0CUZanRCg=
github.com/BrownNPC/wasm-ffi-go v1.3.0 h1:lnVeot/PN2bZtMqnaeEl89wRgvbOEvxSBlOEXZvW6tA=
github.com/BrownNPC/wasm-ffi-go v1.3.0/go.mod h1:D5+RBMb672fgw6vPz4HOWYxpyrmPrIao8VqlXihOFFg=
github.com/ebitengine/purego v0.10.1 h1:dewVBCBT2GaMu1SrNTYxQhgQBethzfhiwvZiLGP/qyY=
github.com/ebitengine/purego v0.10.1/go.mod h1:iIjxzd6CiRiOG0UyXP+V1+jWqUXVjPKLAI0mRfJZTmQ=
github.com/ebitengine/purego v0.11.1 h1:2zpWRSQNVKN4eKsKO9eM1ILDgWfYMY9GwqRmK6XeQ/0=
github.com/ebitengine/purego v0.11.1/go.mod h1:DCHPP08djqhNSoTfImcnHYQRZmd0qhakvrozqaEYhGQ=
github.com/gen2brain/raylib-go/raygui v0.0.0-20260619180708-8f9e96aca992 h1:PyGNZCkgOxXTRH8jsYqQ21LQDVgcJobzRui7IXl5z28=
github.com/gen2brain/raylib-go/raygui v0.0.0-20260619180708-8f9e96aca992/go.mod h1:9WxQA2oI5b0q/B6dX9/WOaAdMN+IxsSeaB6JnJ2HY3k=
github.com/gen2brain/raylib-go/raygui v0.0.0-20260815042312-80156a59a482 h1:iFXbG0NFRUvlcRmm8OEMsPU0zeIlb6SjWQLdfd6TRRw=
github.com/gen2brain/raylib-go/raygui v0.0.0-20260815042312-80156a59a482/go.mod h1:9WxQA2oI5b0q/B6dX9/WOaAdMN+IxsSeaB6JnJ2HY3k=
github.com/gen2brain/raylib-go/raylib v0.60.0 h1:KsP7W3EMkmb9zztivdgbh1bXR78pEuqP6jeUR8GCbEA=
github.com/gen2brain/raylib-go/raylib v0.60.0/go.mod h1:puAMU7Zcx6VJ6pcZSSs3gGFPyFvJuTwQlfm4KzeoXy8=
github.com/gen2brain/raylib-go/raylib v0.60.1 h1:bZ9fRMOeIasK5Z9fNL8lnNVbCv9LevGIN//+gdvP+Zc=
github.com/gen2brain/raylib-go/raylib v0.60.1/go.mod h1:puAMU7Zcx6VJ6pcZSSs3gGFPyFvJuTwQlfm4KzeoXy8=
github.com/jupiterrider/ffi v0.7.0 h1:RKsl6Ascal+3kyAqR5Qcbp83LceQMLc1VZbPfHWoNzs=
github.com/jupiterrider/ffi v0.7.0/go.mod h1:9dauhpOfNqrqk28fxuu0kkdeFtT9Qr4vbfigiuIXN7c=
github.com/jupiterrider/ffi v0.8.0 h1:IH6lto8OZaRIulQYObtZibII4tq71hXT6Z+KLBcxCcQ=
github.com/jupiterrider/ffi v0.8.0/go.mod h1:9dauhpOfNqrqk28fxuu0kkdeFtT9Qr4vbfigiuIXN7c=
golang.org/x/exp v0.0.0-20260611194520-c48552f49976 h1:X8Hz2ImujgbmetVuW+w2YkyZChE3cBpZi2P158rTG9M=
golang.org/x/exp v0.0.0-20260611194520-c48552f49976/go.mod h1:vnf4pv9iKZXY58sQE1L86zmNWJ4159e1RkcWiLCkeEY=
golang.org/x/exp v0.0.0-20261005173118-76772065c9b0 h1:qUp3i6M39kccSm3OMMIE3tvs7YQWO9rFeCKdk1sSaFk=
golang.org/x/exp v0.0.0-20261005173118-76772065c9b0/go.mod h1:SRjTzy5WcYqRRqquLUvHeeovSwLO0CZ3xcltZNO4Fck=
